// !$*UTF8*$!
{
	archiveVersion = 1;
	classes = {
	};
	objectVersion = 50;
	objects = {

/* Begin PBXBuildFile section */
		00020B3925F9953D00890B06 /* AppDelegate.swift in Sources */ = {isa = PBXBuildFile; fileRef = 00020B3825F9953D00890B06 /* AppDelegate.swift */; };
		00020B3B25F9953D00890B06 /* SceneDelegate.swift in Sources */ = {isa = PBXBuildFile; fileRef = 00020B3A25F9953D00890B06 /* SceneDelegate.swift */; };
		00020B3D25F9953D00890B06 /* ViewController.swift in Sources */ = {isa = PBXBuildFile; fileRef = 00020B3C25F9953D00890B06 /* ViewController.swift */; };
		00020B4025F9953D00890B06 /* Main.storyboard in Resources */ = {isa = PBXBuildFile; fileRef = 00020B3E25F9953D00890B06 /* Main.storyboard */; };
		00020B4225F9953F00890B06 /* Assets.xcassets in Resources */ = {isa = PBXBuildFile; fileRef = 00020B4125F9953F00890B06 /* Assets.xcassets */; };
		00020B4525F9953F00890B06 /* LaunchScreen.storyboard in Resources */ = {isa = PBXBuildFile; fileRef = 00020B4325F9953F00890B06 /* LaunchScreen.storyboard */; };
		00020B5025F9953F00890B06 /* parstagramTests.swift in Sources */ = {isa = PBXBuildFile; fileRef = 00020B4F25F9953F00890B06 /* parstagramTests.swift */; };
		00020B5B25F9953F00890B06 /* parstagramUITests.swift in Sources */ = {isa = PBXBuildFile; fileRef = 00020B5A25F9953F00890B06 /* parstagramUITests.swift */; };
/* End PBXBuildFile section */

/* Begin PBXContainerItemProxy section */
		00020B4C25F9953F00890B06 /* PBXContainerItemProxy */ = {
			isa = PBXContainerItemProxy;
			containerPortal = 00020B2D25F9953D00890B06 /* Project object */;
			proxyType = 1;
			remoteGlobalIDString = 00020B3425F9953D00890B06;
			remoteInfo = parstagram;
		};
		00020B5725F9953F00890B06 /* PBXContainerItemProxy */ = {
			isa = PBXContainerItemProxy;
			containerPortal = 00020B2D25F9953D00890B06 /* Project object */;
			proxyType = 1;
			remoteGlobalIDString = 00020B3425F9953D00890B06;
			remoteInfo = parstagram;
		};
/* End PBXContainerItemProxy section */

/* Begin PBXFileReference section */
		00020B3525F9953D00890B06 /* parstagram.app */ = {isa = PBXFileReference; explicitFileType = wrapper.application; includeInIndex = 0; path = parstagram.app; sourceTree = BUILT_PRODUCTS_DIR; };
		00020B3825F9953D00890B06 /* AppDelegate.swift */ = {isa = PBXFileReference; lastKnownFileType = sourcecode.swift; path = AppDelegate.swift; sourceTree = "<group>"; };
		00020B3A25F9953D00890B06 /* SceneDelegate.swift */ = {isa = PBXFileReference; lastKnownFileType = sourcecode.swift; path = SceneDelegate.swift; sourceTree = "<group>"; };
		00020B3C25F9953D00890B06 /* ViewController.swift */ = {isa = PBXFileReference; lastKnownFileType = sourcecode.swift; path = ViewController.swift; sourceTree = "<group>"; };
		00020B3F25F9953D00890B06 /* Base */ = {isa = PBXFileReference; lastKnownFileType = file.storyboard; name = Base; path = Base.lproj/Main.storyboard; sourceTree = "<group>"; };
		00020B4125F9953F00890B06 /* Assets.xcassets */ = {isa = PBXFileReference; lastKnownFileType = folder.assetcatalog; path = Assets.xcassets; sourceTree = "<group>"; };
		00020B4425F9953F00890B06 /* Base */ = {isa = PBXFileReference; lastKnownFileType = file.storyboard; name = Base; path = Base.lproj/LaunchScreen.storyboard; sourceTree = "<group>"; };
		00020B4625F9953F00890B06 /* Info.plist */ = {isa = PBXFileReference; lastKnownFileType = text.plist.xml; path = Info.plist; sourceTree = "<group>"; };
		00020B4B25F9953F00890B06 /* parstagramTests.xctest */ = {isa = PBXFileReference; explicitFileType = wrapper.cfbundle; includeInIndex = 0; path = parstagramTests.xctest; sourceTree = BUILT_PRODUCTS_DIR; };
		00020B4F25F9953F00890B06 /* parstagramTests.swift */ = {isa = PBXFileReference; lastKnownFileType = sourcecode.swift; path = parstagramTests.swift; sourceTree = "<group>"; };
		00020B5125F9953F00890B06 /* Info.plist */ = {isa = PBXFileReference; lastKnownFileType = text.plist.xml; path = Info.plist; sourceTree = "<group>"; };
		00020B5625F9953F00890B06 /* parstagramUITests.xctest */ = {isa = PBXFileReference; explicitFileType = wrapper.cfbundle; includeInIndex = 0; path = parstagramUITests.xctest; sourceTree = BUILT_PRODUCTS_DIR; };
		00020B5A25F9953F00890B06 /* parstagramUITests.swift */ = {isa = PBXFileReference; lastKnownFileType = sourcecode.swift; path = parstagramUITests.swift; sourceTree = "<group>"; };
		00020B5C25F9953F00890B06 /* Info.plist */ = {isa = PBXFileReference; lastKnownFileType = text.plist.xml; path = Info.plist; sourceTree = "<group>"; };
/* End PBXFileReference section */

/* Begin PBXFrameworksBuildPhase section */
		00020B3225F9953D00890B06 /* Frameworks */ = {
			isa = PBXFrameworksBuildPhase;
			buildActionMask = 2147483647;
			files = (
			);
			runOnlyForDeploymentPostprocessing = 0;
		};
		00020B4825F9953F00890B06 /* Frameworks */ = {
			isa = PBXFrameworksBuildPhase;
			buildActionMask = 2147483647;
			files = (
			);
			runOnlyForDeploymentPostprocessing = 0;
		};
		00020B5325F9953F00890B06 /* Frameworks */ = {
			isa = PBXFrameworksBuildPhase;
			buildActionMask = 2147483647;
			files = (
			);
			runOnlyForDeploymentPostprocessing = 0;
		};
/* End PBXFrameworksBuildPhase section */

/* Begin PBXGroup section */
		00020B2C25F9953D00890B06 = {
			isa = PBXGroup;
			children = (
				00020B3725F9953D00890B06 /* parstagram */,
				00020B4E25F9953F00890B06 /* parstagramTests */,
				00020B5925F9953F00890B06 /* parstagramUITests */,
				00020B3625F9953D00890B06 /* Products */,
			);
			sourceTree = "<group>";
		};
		00020B3625F9953D00890B06 /* Products */ = {
			isa = PBXGroup;
			children = (
				00020B3525F9953D00890B06 /* parstagram.app */,
				00020B4B25F9953F00890B06 /* parstagramTests.xctest */,
				00020B5625F9953F00890B06 /* parstagramUITests.xctest */,
			);
			name = Products;
			sourceTree = "<group>";
		};
		00020B3725F9953D00890B06 /* parstagram */ = {
			isa = PBXGroup;
			children = (
				00020B3825F9953D00890B06 /* AppDelegate.swift */,
				00020B3A25F9953D00890B06 /* SceneDelegate.swift */,
				00020B3C25F9953D00890B06 /* ViewController.swift */,
				00020B3E25F9953D00890B06 /* Main.storyboard */,
				00020B4125F9953F00890B06 /* Assets.xcassets */,
				00020B4325F9953F00890B06 /* LaunchScreen.storyboard */,
				00020B4625F9953F00890B06 /* Info.plist */,
			);
			path = parstagram;
			sourceTree = "<group>";
		};
		00020B4E25F9953F00890B06 /* parstagramTests */ = {
			isa = PBXGroup;
			children = (
				00020B4F25F9953F00890B06 /* parstagramTests.swift */,
				00020B5125F9953F00890B06 /* Info.plist */,
			);
			path = parstagramTests;
			sourceTree = "<group>";
		};
		00020B5925F9953F00890B06 /* parstagramUITests */ = {
			isa = PBXGroup;
			children = (
				00020B5A25F9953F00890B06 /* parstagramUITests.swift */,
				00020B5C25F9953F00890B06 /* Info.plist */,
			);
			path = parstagramUITests;
			sourceTree = "<group>";
		};
/* End PBXGroup section */

/* Begin PBXNativeTarget section */
		00020B3425F9953D00890B06 /* parstagram */ = {
			isa = PBXNativeTarget;
			buildConfigurationList = 00020B5F25F9953F00890B06 /* Build configuration list for PBXNativeTarget "parstagram" */;
			buildPhases = (
				00020B3125F9953D00890B06 /* Sources */,
				00020B3225F9953D00890B06 /* Frameworks */,
				00020B3325F9953D00890B06 /* Resources */,
			);
			buildRules = (
			);
			dependencies = (
			);
			name = parstagram;
			productName = parstagram;
			productReference = 00020B3525F9953D00890B06 /* parstagram.app */;
			productType = "com.apple.product-type.application";
		};
		00020B4A25F9953F00890B06 /* parstagramTests */ = {
			isa = PBXNativeTarget;
			buildConfigurationList = 00020B6225F9953F00890B06 /* Build configuration list for PBXNativeTarget "parstagramTests" */;
			buildPhases = (
				00020B4725F9953F00890B06 /* Sources */,
				00020B4825F9953F00890B06 /* Frameworks */,
				00020B4925F9953F00890B06 /* Resources */,
			);
			buildRules = (
			);
			dependencies = (
				00020B4D25F9953F00890B06 /* PBXTargetDependency */,
			);
			name = parstagramTests;
			productName = parstagramTests;
			productReference = 00020B4B25F9953F00890B06 /* parstagramTests.xctest */;
			productType = "com.apple.product-type.bundle.unit-test";
		};
		00020B5525F9953F00890B06 /* parstagramUITests */ = {
			isa = PBXNativeTarget;
			buildConfigurationList = 00020B6525F9953F00890B06 /* Build configuration list for PBXNativeTarget "parstagramUITests" */;
			buildPhases = (
				00020B5225F9953F00890B06 /* Sources */,
				00020B5325F9953F00890B06 /* Frameworks */,
				00020B5425F9953F00890B06 /* Resources */,
			);
			buildRules = (
			);
			dependencies = (
				00020B5825F9953F00890B06 /* PBXTargetDependency */,
			);
			name = parstagramUITests;
			productName = parstagramUITests;
			productReference = 00020B5625F9953F00890B06 /* parstagramUITests.xctest */;
			productType = "com.apple.product-type.bundle.ui-testing";
		};
/* End PBXNativeTarget section */

/* Begin PBXProject section */
		00020B2D25F9953D00890B06 /* Project object */ = {
			isa = PBXProject;
			attributes = {
				LastSwiftUpdateCheck = 1240;
				LastUpgradeCheck = 1240;
				TargetAttributes = {
					00020B3425F9953D00890B06 = {
						CreatedOnToolsVersion = 12.4;
					};
					00020B4A25F9953F00890B06 = {
						CreatedOnToolsVersion = 12.4;
						TestTargetID = 00020B3425F9953D00890B06;
					};
					00020B5525F9953F00890B06 = {
						CreatedOnToolsVersion = 12.4;
						TestTargetID = 00020B3425F9953D00890B06;
					};
				};
			};
			buildConfigurationList = 00020B3025F9953D00890B06 /* Build configuration list for PBXProject "parstagram" */;
			compatibilityVersion = "Xcode 9.3";
			developmentRegion = en;
			hasScannedForEncodings = 0;
			knownRegions = (
				en,
				Base,
			);
			mainGroup = 00020B2C25F9953D00890B06;
			productRefGroup = 00020B3625F9953D00890B06 /* Products */;
			projectDirPath = "";
			projectRoot = "";
			targets = (
				00020B3425F9953D00890B06 /* parstagram */,
				00020B4A25F9953F00890B06 /* parstagramTests */,
				00020B5525F9953F00890B06 /* parstagramUITests */,
			);
		};
/* End PBXProject section */

/* Begin PBXResourcesBuildPhase section */
		00020B3325F9953D00890B06 /* Resources */ = {
			isa = PBXResourcesBuildPhase;
			buildActionMask = 2147483647;
			files = (
				00020B4525F9953F00890B06 /* LaunchScreen.storyboard in Resources */,
				00020B4225F9953F00890B06 /* Assets.xcassets in Resources */,
				00020B4025F9953D00890B06 /* Main.storyboard in Resources */,
			);
			runOnlyForDeploymentPostprocessing = 0;
		};
		00020B4925F9953F00890B06 /* Resources */ = {
			isa = PBXResourcesBuildPhase;
			buildActionMask = 2147483647;
			files = (
			);
			runOnlyForDeploymentPostprocessing = 0;
		};
		00020B5425F9953F00890B06 /* Resources */ = {
			isa = PBXResourcesBuildPhase;
			buildActionMask = 2147483647;
			files = (
			);
			runOnlyForDeploymentPostprocessing = 0;
		};
/* End PBXResourcesBuildPhase section */

/* Begin PBXSourcesBuildPhase section */
		00020B3125F9953D00890B06 /* Sources */ = {
			isa = PBXSourcesBuildPhase;
			buildActionMask = 2147483647;
			files = (
				00020B3D25F9953D00890B06 /* ViewController.swift in Sources */,
				00020B3925F9953D00890B06 /* AppDelegate.swift in Sources */,
				00020B3B25F9953D00890B06 /* SceneDelegate.swift in Sources */,
			);
			runOnlyForDeploymentPostprocessing = 0;
		};
		00020B4725F9953F00890B06 /* Sources */ = {
			isa = PBXSourcesBuildPhase;
			buildActionMask = 2147483647;
			files = (
				00020B5025F9953F00890B06 /* parstagramTests.swift in Sources */,
			);
			runOnlyForDeploymentPostprocessing = 0;
		};
		00020B5225F9953F00890B06 /* Sources */ = {
			isa = PBXSourcesBuildPhase;
			buildActionMask = 2147483647;
			files = (
				00020B5B25F9953F00890B06 /* parstagramUITests.swift in Sources */,
			);
			runOnlyForDeploymentPostprocessing = 0;
		};
/* End PBXSourcesBuildPhase section */

/* Begin PBXTargetDependency section */
		00020B4D25F9953F00890B06 /* PBXTargetDependency */ = {
			isa = PBXTargetDependency;
			target = 00020B3425F9953D00890B06 /* parstagram */;
			targetProxy = 00020B4C25F9953F00890B06 /* PBXContainerItemProxy */;
		};
		00020B5825F9953F00890B06 /* PBXTargetDependency */ = {
			isa = PBXTargetDependency;
			target = 00020B3425F9953D00890B06 /* parstagram */;
			targetProxy = 00020B5725F9953F00890B06 /* PBXContainerItemProxy */;
		};
/* End PBXTargetDependency section */

/* Begin PBXVariantGroup section */
		00020B3E25F9953D00890B06 /* Main.storyboard */ = {
			isa = PBXVariantGroup;
			children = (
				00020B3F25F9953D00890B06 /* Base */,
			);
			name = Main.storyboard;
			sourceTree = "<group>";
		};
		00020B4325F9953F00890B06 /* LaunchScreen.storyboard */ = {
			isa = PBXVariantGroup;
			children = (
				00020B4425F9953F00890B06 /* Base */,
			);
			name = LaunchScreen.storyboard;
			sourceTree = "<group>";
		};
/* End PBXVariantGroup section */

/* Begin XCBuildConfiguration section */
		00020B5D25F9953F00890B06 /* Debug */ = {
			isa = XCBuildConfiguration;
			buildSettings = {
				ALWAYS_SEARCH_USER_PATHS = NO;
				CLANG_ANALYZER_NONNULL = YES;
				CLANG_ANALYZER_NUMBER_OBJECT_CONVERSION = YES_AGGRESSIVE;
				CLANG_CXX_LANGUAGE_STANDARD = "gnu++14";
				CLANG_CXX_LIBRARY = "libc++";
				CLANG_ENABLE_MODULES = YES;
				CLANG_ENABLE_OBJC_ARC = YES;
				CLANG_ENABLE_OBJC_WEAK = YES;
				CLANG_WARN_BLOCK_CAPTURE_AUTORELEASING = YES;
				CLANG_WARN_BOOL_CONVERSION = YES;
				CLANG_WARN_COMMA = YES;
				CLANG_WARN_CONSTANT_CONVERSION = YES;
				CLANG_WARN_DEPRECATED_OBJC_IMPLEMENTATIONS = YES;
				CLANG_WARN_DIRECT_OBJC_ISA_USAGE = YES_ERROR;
				CLANG_WARN_DOCUMENTATION_COMMENTS = YES;
				CLANG_WARN_EMPTY_BODY = YES;
				CLANG_WARN_ENUM_CONVERSION = YES;
				CLANG_WARN_INFINITE_RECURSION = YES;
				CLANG_WARN_INT_CONVERSION = YES;
				CLANG_WARN_NON_LITERAL_NULL_CONVERSION = YES;
				CLANG_WARN_OBJC_IMPLICIT_RETAIN_SELF = YES;
				CLANG_WARN_OBJC_LITERAL_CONVERSION = YES;
				CLANG_WARN_OBJC_ROOT_CLASS = YES_ERROR;
				CLANG_WARN_QUOTED_INCLUDE_IN_FRAMEWORK_HEADER = YES;
				CLANG_WARN_RANGE_LOOP_ANALYSIS = YES;
				CLANG_WARN_STRICT_PROTOTYPES = YES;
				CLANG_WARN_SUSPICIOUS_MOVE = YES;
				CLANG_WARN_UNGUARDED_AVAILABILITY = YES_AGGRESSIVE;
				CLANG_WARN_UNREACHABLE_CODE = YES;
				CLANG_WARN__DUPLICATE_METHOD_MATCH = YES;
				COPY_PHASE_STRIP = NO;
				DEBUG_INFORMATION_FORMAT = dwarf;
				ENABLE_STRICT_OBJC_MSGSEND = YES;
				ENABLE_TESTABILITY = YES;
				GCC_C_LANGUAGE_STANDARD = gnu11;
				GCC_DYNAMIC_NO_PIC = NO;
				GCC_NO_COMMON_BLOCKS = YES;
				GCC_OPTIMIZATION_LEVEL = 0;
				GCC_PREPROCESSOR_DEFINITIONS = (
					"DEBUG=1",
					"$(inherited)",
				);
				GCC_WARN_64_TO_32_BIT_CONVERSION = YES;
				GCC_WARN_ABOUT_RETURN_TYPE = YES_ERROR;
				GCC_WARN_UNDECLARED_SELECTOR = YES;
				GCC_WARN_UNINITIALIZED_AUTOS = YES_AGGRESSIVE;
				GCC_WARN_UNUSED_FUNCTION = YES;
				GCC_WARN_UNUSED_VARIABLE = YES;
				IPHONEOS_DEPLOYMENT_TARGET = 14.4;
				MTL_ENABLE_DEBUG_INFO = INCLUDE_SOURCE;
				MTL_FAST_MATH = YES;
				ONLY_ACTIVE_ARCH = YES;
				SDKROOT = iphoneos;
				SWIFT_ACTIVE_COMPILATION_CONDITIONS = DEBUG;
				SWIFT_OPTIMIZATION_LEVEL = "-Onone";
			};
			name = Debug;
		};
		00020B5E25F9953F00890B06 /* Release */ = {
			isa = XCBuildConfiguration;
			buildSettings = {
				ALWAYS_SEARCH_USER_PATHS = NO;
				CLANG_ANALYZER_NONNULL = YES;
				CLANG_ANALYZER_NUMBER_OBJECT_CONVERSION = YES_AGGRESSIVE;
				CLANG_CXX_LANGUAGE_STANDARD = "gnu++14";
				CLANG_CXX_LIBRARY = "libc++";
				CLANG_ENABLE_MODULES = YES;
				CLANG_ENABLE_OBJC_ARC = YES;
				CLANG_ENABLE_OBJC_WEAK = YES;
				CLANG_WARN_BLOCK_CAPTURE_AUTORELEASING = YES;
				CLANG_WARN_BOOL_CONVERSION = YES;
				CLANG_WARN_COMMA = YES;
				CLANG_WARN_CONSTANT_CONVERSION = YES;
				CLANG_WARN_DEPRECATED_OBJC_IMPLEMENTATIONS = YES;
				CLANG_WARN_DIRECT_OBJC_ISA_USAGE = YES_ERROR;
				CLANG_WARN_DOCUMENTATION_COMMENTS = YES;
				CLANG_WARN_EMPTY_BODY = YES;
				CLANG_WARN_ENUM_CONVERSION = YES;
				CLANG_WARN_INFINITE_RECURSION = YES;
				CLANG_WARN_INT_CONVERSION = YES;
				CLANG_WARN_NON_LITERAL_NULL_CONVERSION = YES;
				CLANG_WARN_OBJC_IMPLICIT_RETAIN_SELF = YES;
				CLANG_WARN_OBJC_LITERAL_CONVERSION = YES;
				CLANG_WARN_OBJC_ROOT_CLASS = YES_ERROR;
				CLANG_WARN_QUOTED_INCLUDE_IN_FRAMEWORK_HEADER = YES;
				CLANG_WARN_RANGE_LOOP_ANALYSIS = YES;
				CLANG_WARN_STRICT_PROTOTYPES = YES;
				CLANG_WARN_SUSPICIOUS_MOVE = YES;
				CLANG_WARN_UNGUARDED_AVAILABILITY = YES_AGGRESSIVE;
				CLANG_WARN_UNREACHABLE_CODE = YES;
				CLANG_WARN__DUPLICATE_METHOD_MATCH = YES;
				COPY_PHASE_STRIP = NO;
				DEBUG_INFORMATION_FORMAT = "dwarf-with-dsym";
				ENABLE_NS_ASSERTIONS = NO;
				ENABLE_STRICT_OBJC_MSGSEND = YES;
				GCC_C_LANGUAGE_STANDARD = gnu11;
				GCC_NO_COMMON_BLOCKS = YES;
				GCC_WARN_64_TO_32_BIT_CONVERSION = YES;
				GCC_WARN_ABOUT_RETURN_TYPE = YES_ERROR;
				GCC_WARN_UNDECLARED_SELECTOR = YES;
				GCC_WARN_UNINITIALIZED_AUTOS = YES_AGGRESSIVE;
				GCC_WARN_UNUSED_FUNCTION = YES;
				GCC_WARN_UNUSED_VARIABLE = YES;
				IPHONEOS_DEPLOYMENT_TARGET = 14.4;
				MTL_ENABLE_DEBUG_INFO = NO;
				MTL_FAST_MATH = YES;
				SDKROOT = iphoneos;
				SWIFT_COMPILATION_MODE = wholemodule;
				SWIFT_OPTIMIZATION_LEVEL = "-O";
				VALIDATE_PRODUCT = YES;
			};
			name = Release;
		};
		00020B6025F9953F00890B06 /* Debug */ = {
			isa = XCBuildConfiguration;
			buildSettings = {
				ASSETCATALOG_COMPILER_APPICON_NAME = AppIcon;
				ASSETCATALOG_COMPILER_GLOBAL_ACCENT_COLOR_NAME = AccentColor;
				CODE_SIGN_STYLE = Automatic;
				INFOPLIST_FILE = parstagram/Info.plist;
				LD_RUNPATH_SEARCH_PATHS = (
					"$(inherited)",
					"@executable_path/Frameworks",
				);
				PRODUCT_BUNDLE_IDENTIFIER = codepath.parstagram;
				PRODUCT_NAME = "$(TARGET_NAME)";
				SWIFT_VERSION = 5.0;
				TARGETED_DEVICE_FAMILY = "1,2";
			};
			name = Debug;
		};
		00020B6125F9953F00890B06 /* Release */ = {
			isa = XCBuildConfiguration;
			buildSettings = {
				ASSETCATALOG_COMPILER_APPICON_NAME = AppIcon;
				ASSETCATALOG_COMPILER_GLOBAL_ACCENT_COLOR_NAME = AccentColor;
				CODE_SIGN_STYLE = Automatic;
				INFOPLIST_FILE = parstagram/Info.plist;
				LD_RUNPATH_SEARCH_PATHS = (
					"$(inherited)",
					"@executable_path/Frameworks",
				);
				PRODUCT_BUNDLE_IDENTIFIER = codepath.parstagram;
				PRODUCT_NAME = "$(TARGET_NAME)";
				SWIFT_VERSION = 5.0;
				TARGETED_DEVICE_FAMILY = "1,2";
			};
			name = Release;
		};
		00020B6325F9953F00890B06 /* Debug */ = {
			isa = XCBuildConfiguration;
			buildSettings = {
				ALWAYS_EMBED_SWIFT_STANDARD_LIBRARIES = YES;
				BUNDLE_LOADER = "$(TEST_HOST)";
				CODE_SIGN_STYLE = Automatic;
				INFOPLIST_FILE = parstagramTests/Info.plist;
				IPHONEOS_DEPLOYMENT_TARGET = 14.4;
				LD_RUNPATH_SEARCH_PATHS = (
					"$(inherited)",
					"@executable_path/Frameworks",
					"@loader_path/Frameworks",
				);
				PRODUCT_BUNDLE_IDENTIFIER = codepath.parstagramTests;
				PRODUCT_NAME = "$(TARGET_NAME)";
				SWIFT_VERSION = 5.0;
				TARGETED_DEVICE_FAMILY = "1,2";
				TEST_HOST = "$(BUILT_PRODUCTS_DIR)/parstagram.app/parstagram";
			};
			name = Debug;
		};
		00020B6425F9953F00890B06 /* Release */ = {
			isa = XCBuildConfiguration;
			buildSettings = {
				ALWAYS_EMBED_SWIFT_STANDARD_LIBRARIES = YES;
				BUNDLE_LOADER = "$(TEST_HOST)";
				CODE_SIGN_STYLE = Automatic;
				INFOPLIST_FILE = parstagramTests/Info.plist;
				IPHONEOS_DEPLOYMENT_TARGET = 14.4;
				LD_RUNPATH_SEARCH_PATHS = (
					"$(inherited)",
					"@executable_path/Frameworks",
					"@loader_path/Frameworks",
				);
				PRODUCT_BUNDLE_IDENTIFIER = codepath.parstagramTests;
				PRODUCT_NAME = "$(TARGET_NAME)";
				SWIFT_VERSION = 5.0;
				TARGETED_DEVICE_FAMILY = "1,2";
				TEST_HOST = "$(BUILT_PRODUCTS_DIR)/parstagram.app/parstagram";
			};
			name = Release;
		};
		00020B6625F9953F00890B06 /* Debug */ = {
			isa = XCBuildConfiguration;
			buildSettings = {
				ALWAYS_EMBED_SWIFT_STANDARD_LIBRARIES = YES;
				CODE_SIGN_STYLE = Automatic;
				INFOPLIST_FILE = parstagramUITests/Info.plist;
				LD_RUNPATH_SEARCH_PATHS = (
					"$(inherited)",
					"@executable_path/Frameworks",
					"@loader_path/Frameworks",
				);
				PRODUCT_BUNDLE_IDENTIFIER = codepath.parstagramUITests;
				PRODUCT_NAME = "$(TARGET_NAME)";
				SWIFT_VERSION = 5.0;
				TARGETED_DEVICE_FAMILY = "1,2";
				TEST_TARGET_NAME = parstagram;
			};
			name = Debug;
		};
		00020B6725F9953F00890B06 /* Release */ = {
			isa = XCBuildConfiguration;
			buildSettings = {
				ALWAYS_EMBED_SWIFT_STANDARD_LIBRARIES = YES;
				CODE_SIGN_STYLE = Automatic;
				INFOPLIST_FILE = parstagramUITests/Info.plist;
				LD_RUNPATH_SEARCH_PATHS = (
					"$(inherited)",
					"@executable_path/Frameworks",
					"@loader_path/Frameworks",
				);
				PRODUCT_BUNDLE_IDENTIFIER = codepath.parstagramUITests;
				PRODUCT_NAME = "$(TARGET_NAME)";
				SWIFT_VERSION = 5.0;
				TARGETED_DEVICE_FAMILY = "1,2";
				TEST_TARGET_NAME = parstagram;
			};
			name = Release;
		};
/* End XCBuildConfiguration section */

/* Begin XCConfigurationList section */
		00020B3025F9953D00890B06 /* Build configuration list for PBXProject "parstagram" */ = {
			isa = XCConfigurationList;
			buildConfigurations = (
				00020B5D25F9953F00890B06 /* Debug */,
				00020B5E25F9953F00890B06 /* Release */,
			);
			defaultConfigurationIsVisible = 0;
			defaultConfigurationName = Release;
		};
		00020B5F25F9953F00890B06 /* Build configuration list for PBXNativeTarget "parstagram" */ = {
			isa = XCConfigurationList;
			buildConfigurations = (
				00020B6025F9953F00890B06 /* Debug */,
				00020B6125F9953F00890B06 /* Release */,
			);
			defaultConfigurationIsVisible = 0;
			defaultConfigurationName = Release;
		};
		00020B6225F9953F00890B06 /* Build configuration list for PBXNativeTarget "parstagramTests" */ = {
			isa = XCConfigurationList;
			buildConfigurations = (
				00020B6325F9953F00890B06 /* Debug */,
				00020B6425F9953F00890B06 /* Release */,
			);
			defaultConfigurationIsVisible = 0;
			defaultConfigurationName = Release;
		};
		00020B6525F9953F00890B06 /* Build configuration list for PBXNativeTarget "parstagramUITests" */ = {
			isa = XCConfigurationList;
			buildConfigurations = (
				00020B6625F9953F00890B06 /* Debug */,
				00020B6725F9953F00890B06 /* Release */,
			);
			defaultConfigurationIsVisible = 0;
			defaultConfigurationName = Release;
		};
/* End XCConfigurationList section */
	};
	rootObject = 00020B2D25F9953D00890B06 /* Project object */;
}
